{
  "version": 4,
  "terraform_version": "1.2.3",
  "serial": 144,
  "lineage": "9081eaed-c62e-eec7-02dc-95a8ab506295",
  "outputs": {},
  "resources": [
    {
      "mode": "managed",
      "type": "rabbitmq_exchange",
      "name": "rabbitmq_summit_exchange",
      "provider": "provider[\"registry.terraform.io/cyrilgdn/rabbitmq\"]",
      "instances": [
        {
          "schema_version": 0,
          "attributes": {
            "id": "rabbitmq_summit_exchange@rabbitmq_summit_vhost",
            "name": "rabbitmq_summit_exchange",
            "settings": [
              {
                "arguments": {},
                "auto_delete": false,
                "durable": true,
                "type": "topic"
              }
            ],
            "vhost": "rabbitmq_summit_vhost"
          },
          "sensitive_attributes": [],
          "private": "bnVsbA==",
          "dependencies": [
            "rabbitmq_vhost.rabbitmq_summit_vhost"
          ]
        }
      ]
    },
    {
      "mode": "managed",
      "type": "rabbitmq_permissions",
      "name": "vault",
      "provider": "provider[\"registry.terraform.io/cyrilgdn/rabbitmq\"]",
      "instances": [
        {
          "schema_version": 0,
          "attributes": {
            "id": "vault@rabbitmq_summit_vhost",
            "permissions": [
              {
                "configure": ".*",
                "read": ".*",
                "write": ".*"
              }
            ],
            "user": "vault",
            "vhost": "rabbitmq_summit_vhost"
          },
          "sensitive_attributes": [],
          "private": "bnVsbA==",
          "dependencies": [
            "rabbitmq_user.vault",
            "rabbitmq_vhost.rabbitmq_summit_vhost"
          ]
        }
      ]
    },
    {
      "mode": "managed",
      "type": "rabbitmq_queue",
      "name": "rabbitmq-summit",
      "provider": "provider[\"registry.terraform.io/cyrilgdn/rabbitmq\"]",
      "instances": [
        {
          "schema_version": 0,
          "attributes": {
            "id": "rabbitmq-summit@rabbitmq_summit_vhost",
            "name": "rabbitmq-summit",
            "settings": [
              {
                "arguments": {},
                "arguments_json": "",
                "auto_delete": false,
                "durable": true
              }
            ],
            "vhost": "rabbitmq_summit_vhost"
          },
          "sensitive_attributes": [],
          "private": "bnVsbA==",
          "dependencies": [
            "rabbitmq_vhost.rabbitmq_summit_vhost"
          ]
        }
      ]
    },
    {
      "mode": "managed",
      "type": "rabbitmq_user",
      "name": "vault",
      "provider": "provider[\"registry.terraform.io/cyrilgdn/rabbitmq\"]",
      "instances": [
        {
          "schema_version": 0,
          "attributes": {
            "id": "vault",
            "name": "vault",
            "password": "password",
            "tags": [
              "administrator",
              "management"
            ]
          },
          "sensitive_attributes": [],
          "private": "bnVsbA=="
        }
      ]
    },
    {
      "mode": "managed",
      "type": "rabbitmq_vhost",
      "name": "rabbitmq_summit_vhost",
      "provider": "provider[\"registry.terraform.io/cyrilgdn/rabbitmq\"]",
      "instances": [
        {
          "schema_version": 0,
          "attributes": {
            "id": "rabbitmq_summit_vhost",
            "name": "rabbitmq_summit_vhost"
          },
          "sensitive_attributes": [],
          "private": "bnVsbA=="
        }
      ]
    },
    {
      "mode": "managed",
      "type": "vault_mount",
      "name": "transit",
      "provider": "provider[\"registry.terraform.io/hashicorp/vault\"]",
      "instances": [
        {
          "schema_version": 0,
          "attributes": {
            "accessor": "transit_46917b50",
            "audit_non_hmac_request_keys": [],
            "audit_non_hmac_response_keys": [],
            "default_lease_ttl_seconds": 0,
            "description": "",
            "external_entropy_access": false,
            "id": "transit",
            "local": false,
            "max_lease_ttl_seconds": 0,
            "namespace": null,
            "options": {},
            "path": "transit",
            "seal_wrap": false,
            "type": "transit"
          },
          "sensitive_attributes": [],
          "private": "bnVsbA=="
        }
      ]
    },
    {
      "mode": "managed",
      "type": "vault_policy",
      "name": "consumer",
      "provider": "provider[\"registry.terraform.io/hashicorp/vault\"]",
      "instances": [
        {
          "schema_version": 0,
          "attributes": {
            "id": "rabbitmq-consumer",
            "name": "rabbitmq-consumer",
            "namespace": null,
            "policy": "path \"rabbitmq/creds/consumer\" {\n  capabilities = [\"read\"]\n}\n\npath \"transit/decrypt/rabbitmq_summit\" {\n  capabilities = [\"update\"]\n}\n\n"
          },
          "sensitive_attributes": [],
          "private": "bnVsbA=="
        }
      ]
    },
    {
      "mode": "managed",
      "type": "vault_policy",
      "name": "producer",
      "provider": "provider[\"registry.terraform.io/hashicorp/vault\"]",
      "instances": [
        {
          "schema_version": 0,
          "attributes": {
            "id": "rabbitmq-producer",
            "name": "rabbitmq-producer",
            "namespace": null,
            "policy": "path \"rabbitmq/creds/producer\" {\n  capabilities = [\"read\"]\n}\n\npath \"transit/encrypt/rabbitmq_summit\" {\n  capabilities = [\"update\"]\n}\n"
          },
          "sensitive_attributes": [],
          "private": "bnVsbA=="
        }
      ]
    },
    {
      "mode": "managed",
      "type": "vault_rabbitmq_secret_backend",
      "name": "rabbitmq",
      "provider": "provider[\"registry.terraform.io/hashicorp/vault\"]",
      "instances": [
        {
          "schema_version": 0,
          "attributes": {
            "connection_uri": "http://rabbitmq.container.shipyard.run:15672",
            "default_lease_ttl_seconds": 0,
            "description": "",
            "id": "rabbitmq",
            "max_lease_ttl_seconds": 0,
            "namespace": null,
            "password": "password",
            "password_policy": null,
            "path": "rabbitmq",
            "username": "vault",
            "username_template": null,
            "verify_connection": true
          },
          "sensitive_attributes": [
            [
              {
                "type": "get_attr",
                "value": "password"
              }
            ]
          ],
          "private": "bnVsbA==",
          "dependencies": [
            "rabbitmq_user.vault"
          ]
        }
      ]
    },
    {
      "mode": "managed",
      "type": "vault_rabbitmq_secret_backend_role",
      "name": "consumer",
      "provider": "provider[\"registry.terraform.io/hashicorp/vault\"]",
      "instances": [
        {
          "schema_version": 0,
          "attributes": {
            "backend": "rabbitmq",
            "id": "rabbitmq/roles/consumer",
            "name": "consumer",
            "namespace": null,
            "tags": "management",
            "vhost": [
              {
                "configure": ".*",
                "host": "rabbitmq_summit_vhost",
                "read": ".*",
                "write": ""
              }
            ],
            "vhost_topic": [
              {
                "host": "rabbitmq_summit_vhost",
                "vhost": [
                  {
                    "read": ".*",
                    "topic": "rabbitmq_summit_exchange",
                    "write": ""
                  }
                ]
              }
            ]
          },
          "sensitive_attributes": [],
          "private": "bnVsbA==",
          "dependencies": [
            "rabbitmq_exchange.rabbitmq_summit_exchange",
            "rabbitmq_user.vault",
            "rabbitmq_vhost.rabbitmq_summit_vhost",
            "vault_rabbitmq_secret_backend.rabbitmq"
          ]
        }
      ]
    },
    {
      "mode": "managed",
      "type": "vault_rabbitmq_secret_backend_role",
      "name": "producer",
      "provider": "provider[\"registry.terraform.io/hashicorp/vault\"]",
      "instances": [
        {
          "schema_version": 0,
          "attributes": {
            "backend": "rabbitmq",
            "id": "rabbitmq/roles/producer",
            "name": "producer",
            "namespace": null,
            "tags": "management",
            "vhost": [
              {
                "configure": ".*",
                "host": "rabbitmq_summit_vhost",
                "read": ".*",
                "write": ".*"
              }
            ],
            "vhost_topic": [
              {
                "host": "rabbitmq_summit_vhost",
                "vhost": [
                  {
                    "read": ".*",
                    "topic": "rabbitmq_summit_exchange",
                    "write": ".*"
                  }
                ]
              }
            ]
          },
          "sensitive_attributes": [],
          "private": "bnVsbA==",
          "dependencies": [
            "rabbitmq_exchange.rabbitmq_summit_exchange",
            "rabbitmq_user.vault",
            "rabbitmq_vhost.rabbitmq_summit_vhost",
            "vault_rabbitmq_secret_backend.rabbitmq"
          ]
        }
      ]
    },
    {
      "mode": "managed",
      "type": "vault_transit_secret_backend_key",
      "name": "rabbitmq_summit",
      "provider": "provider[\"registry.terraform.io/hashicorp/vault\"]",
      "instances": [
        {
          "schema_version": 0,
          "attributes": {
            "allow_plaintext_backup": false,
            "auto_rotate_interval": null,
            "auto_rotate_period": 0,
            "backend": "transit",
            "convergent_encryption": false,
            "deletion_allowed": true,
            "derived": false,
            "exportable": false,
            "id": "transit/keys/rabbitmq_summit",
            "keys": [
              {
                "id": "1663689928"
              }
            ],
            "latest_version": 1,
            "min_available_version": 0,
            "min_decryption_version": 1,
            "min_encryption_version": 0,
            "name": "rabbitmq_summit",
            "namespace": null,
            "supports_decryption": true,
            "supports_derivation": true,
            "supports_encryption": true,
            "supports_signing": false,
            "type": "aes256-gcm96"
          },
          "sensitive_attributes": [],
          "private": "bnVsbA==",
          "dependencies": [
            "vault_mount.transit"
          ]
        }
      ]
    }
  ]
}
